// !$*UTF8*$!
{
	archiveVersion = 1;
	classes = {
	};
	objectVersion = 55;
	objects = {

/* Begin PBXBuildFile section */
		EC39F3D8287D090C008A9154 /* QuoteView.swift in Sources */ = {isa = PBXBuildFile; fileRef = EC39F3D7287D090C008A9154 /* QuoteView.swift */; };
		ECB03474287CEFD7006DC768 /* AppDelegate.swift in Sources */ = {isa = PBXBuildFile; fileRef = ECB03473287CEFD7006DC768 /* AppDelegate.swift */; };
		ECB03476287CEFD8006DC768 /* SceneDelegate.swift in Sources */ = {isa = PBXBuildFile; fileRef = ECB03475287CEFD8006DC768 /* SceneDelegate.swift */; };
		ECB03478287CEFD8006DC768 /* ReusableViewController.swift in Sources */ = {isa = PBXBuildFile; fileRef = ECB03477287CEFD8006DC768 /* ReusableViewController.swift */; };
		ECB0347D287CEFD9006DC768 /* Assets.xcassets in Resources */ = {isa = PBXBuildFile; fileRef = ECB0347C287CEFD9006DC768 /* Assets.xcassets */; };
		ECB03480287CEFD9006DC768 /* LaunchScreen.storyboard in Resources */ = {isa = PBXBuildFile; fileRef = ECB0347E287CEFD9006DC768 /* LaunchScreen.storyboard */; };
		ECB034A5287CF03D006DC768 /* ReusableViewControllerTests.swift in Sources */ = {isa = PBXBuildFile; fileRef = ECB034A4287CF03D006DC768 /* ReusableViewControllerTests.swift */; };
/* End PBXBuildFile section */

/* Begin PBXContainerItemProxy section */
		ECB03487287CEFDA006DC768 /* PBXContainerItemProxy */ = {
			isa = PBXContainerItemProxy;
			containerPortal = ECB03468287CEFD7006DC768 /* Project object */;
			proxyType = 1;
			remoteGlobalIDString = ECB0346F287CEFD7006DC768;
			remoteInfo = ReusingViewControllers;
		};
/* End PBXContainerItemProxy section */

/* Begin PBXFileReference section */
		EC39F3D7287D090C008A9154 /* QuoteView.swift */ = {isa = PBXFileReference; lastKnownFileType = sourcecode.swift; path = QuoteView.swift; sourceTree = "<group>"; };
		ECB03470287CEFD7006DC768 /* ReusingViewControllers.app */ = {isa = PBXFileReference; explicitFileType = wrapper.application; includeInIndex = 0; path = ReusingViewControllers.app; sourceTree = BUILT_PRODUCTS_DIR; };
		ECB03473287CEFD7006DC768 /* AppDelegate.swift */ = {isa = PBXFileReference; lastKnownFileType = sourcecode.swift; path = AppDelegate.swift; sourceTree = "<group>"; };
		ECB03475287CEFD8006DC768 /* SceneDelegate.swift */ = {isa = PBXFileReference; lastKnownFileType = sourcecode.swift; path = SceneDelegate.swift; sourceTree = "<group>"; };
		ECB03477287CEFD8006DC768 /* ReusableViewController.swift */ = {isa = PBXFileReference; lastKnownFileType = sourcecode.swift; path = ReusableViewController.swift; sourceTree = "<group>"; };
		ECB0347C287CEFD9006DC768 /* Assets.xcassets */ = {isa = PBXFileReference; lastKnownFileType = folder.assetcatalog; path = Assets.xcassets; sourceTree = "<group>"; };
		ECB0347F287CEFD9006DC768 /* Base */ = {isa = PBXFileReference; lastKnownFileType = file.storyboard; name = Base; path = Base.lproj/LaunchScreen.storyboard; sourceTree = "<group>"; };
		ECB03481287CEFD9006DC768 /* Info.plist */ = {isa = PBXFileReference; lastKnownFileType = text.plist.xml; path = Info.plist; sourceTree = "<group>"; };
		ECB03486287CEFDA006DC768 /* ReusingViewControllersTests.xctest */ = {isa = PBXFileReference; explicitFileType = wrapper.cfbundle; includeInIndex = 0; path = ReusingViewControllersTests.xctest; sourceTree = BUILT_PRODUCTS_DIR; };
		ECB034A4287CF03D006DC768 /* ReusableViewControllerTests.swift */ = {isa = PBXFileReference; lastKnownFileType = sourcecode.swift; path = ReusableViewControllerTests.swift; sourceTree = "<group>"; };
/* End PBXFileReference section */

/* Begin PBXFrameworksBuildPhase section */
		ECB0346D287CEFD7006DC768 /* Frameworks */ = {
			isa = PBXFrameworksBuildPhase;
			buildActionMask = 2147483647;
			files = (
			);
			runOnlyForDeploymentPostprocessing = 0;
		};
		ECB03483287CEFDA006DC768 /* Frameworks */ = {
			isa = PBXFrameworksBuildPhase;
			buildActionMask = 2147483647;
			files = (
			);
			runOnlyForDeploymentPostprocessing = 0;
		};
/* End PBXFrameworksBuildPhase section */

/* Begin PBXGroup section */
		ECB03467287CEFD7006DC768 = {
			isa = PBXGroup;
			children = (
				ECB03472287CEFD7006DC768 /* ReusingViewControllers */,
				ECB03489287CEFDA006DC768 /* ReusingViewControllersTests */,
				ECB03471287CEFD7006DC768 /* Products */,
			);
			sourceTree = "<group>";
		};
		ECB03471287CEFD7006DC768 /* Products */ = {
			isa = PBXGroup;
			children = (
				ECB03470287CEFD7006DC768 /* ReusingViewControllers.app */,
				ECB03486287CEFDA006DC768 /* ReusingViewControllersTests.xctest */,
			);
			name = Products;
			sourceTree = "<group>";
		};
		ECB03472287CEFD7006DC768 /* ReusingViewControllers */ = {
			isa = PBXGroup;
			children = (
				ECB03473287CEFD7006DC768 /* AppDelegate.swift */,
				ECB03475287CEFD8006DC768 /* SceneDelegate.swift */,
				ECB03477287CEFD8006DC768 /* ReusableViewController.swift */,
				EC39F3D7287D090C008A9154 /* QuoteView.swift */,
				ECB0347C287CEFD9006DC768 /* Assets.xcassets */,
				ECB0347E287CEFD9006DC768 /* LaunchScreen.storyboard */,
				ECB03481287CEFD9006DC768 /* Info.plist */,
			);
			path = ReusingViewControllers;
			sourceTree = "<group>";
		};
		ECB03489287CEFDA006DC768 /* ReusingViewControllersTests */ = {
			isa = PBXGroup;
			children = (
				ECB034A4287CF03D006DC768 /* ReusableViewControllerTests.swift */,
			);
			path = ReusingViewControllersTests;
			sourceTree = "<group>";
		};
/* End PBXGroup section */

/* Begin PBXNativeTarget section */
		ECB0346F287CEFD7006DC768 /* ReusingViewControllers */ = {
			isa = PBXNativeTarget;
			buildConfigurationList = ECB0349A287CEFDA006DC768 /* Build configuration list for PBXNativeTarget "ReusingViewControllers" */;
			buildPhases = (
				ECB0346C287CEFD7006DC768 /* Sources */,
				ECB0346D287CEFD7006DC768 /* Frameworks */,
				ECB0346E287CEFD7006DC768 /* Resources */,
			);
			buildRules = (
			);
			dependencies = (
			);
			name = ReusingViewControllers;
			productName = ReusingViewControllers;
			productReference = ECB03470287CEFD7006DC768 /* ReusingViewControllers.app */;
			productType = "com.apple.product-type.application";
		};
		ECB03485287CEFDA006DC768 /* ReusingViewControllersTests */ = {
			isa = PBXNativeTarget;
			buildConfigurationList = ECB0349D287CEFDA006DC768 /* Build configuration list for PBXNativeTarget "ReusingViewControllersTests" */;
			buildPhases = (
				ECB03482287CEFDA006DC768 /* Sources */,
				ECB03483287CEFDA006DC768 /* Frameworks */,
				ECB03484287CEFDA006DC768 /* Resources */,
			);
			buildRules = (
			);
			dependencies = (
				ECB03488287CEFDA006DC768 /* PBXTargetDependency */,
			);
			name = ReusingViewControllersTests;
			productName = ReusingViewControllersTests;
			productReference = ECB03486287CEFDA006DC768 /* ReusingViewControllersTests.xctest */;
			productType = "com.apple.product-type.bundle.unit-test";
		};
/* End PBXNativeTarget section */

/* Begin PBXProject section */
		ECB03468287CEFD7006DC768 /* Project object */ = {
			isa = PBXProject;
			attributes = {
				BuildIndependentTargetsInParallel = 1;
				LastSwiftUpdateCheck = 1340;
				LastUpgradeCheck = 1340;
				TargetAttributes = {
					ECB0346F287CEFD7006DC768 = {
						CreatedOnToolsVersion = 13.4.1;
					};
					ECB03485287CEFDA006DC768 = {
						CreatedOnToolsVersion = 13.4.1;
						LastSwiftMigration = 1340;
						TestTargetID = ECB0346F287CEFD7006DC768;
					};
				};
			};
			buildConfigurationList = ECB0346B287CEFD7006DC768 /* Build configuration list for PBXProject "ReusingViewControllers" */;
			compatibilityVersion = "Xcode 13.0";
			developmentRegion = en;
			hasScannedForEncodings = 0;
			knownRegions = (
				en,
				Base,
			);
			mainGroup = ECB03467287CEFD7006DC768;
			productRefGroup = ECB03471287CEFD7006DC768 /* Products */;
			projectDirPath = "";
			projectRoot = "";
			targets = (
				ECB0346F287CEFD7006DC768 /* ReusingViewControllers */,
				ECB03485287CEFDA006DC768 /* ReusingViewControllersTests */,
			);
		};
/* End PBXProject section */

/* Begin PBXResourcesBuildPhase section */
		ECB0346E287CEFD7006DC768 /* Resources */ = {
			isa = PBXResourcesBuildPhase;
			buildActionMask = 2147483647;
			files = (
				ECB03480287CEFD9006DC768 /* LaunchScreen.storyboard in Resources */,
				ECB0347D287CEFD9006DC768 /* Assets.xcassets in Resources */,
			);
			runOnlyForDeploymentPostprocessing = 0;
		};
		ECB03484287CEFDA006DC768 /* Resources */ = {
			isa = PBXResourcesBuildPhase;
			buildActionMask = 2147483647;
			files = (
			);
			runOnlyForDeploymentPostprocessing = 0;
		};
/* End PBXResourcesBuildPhase section */

/* Begin PBXSourcesBuildPhase section */
		ECB0346C287CEFD7006DC768 /* Sources */ = {
			isa = PBXSourcesBuildPhase;
			buildActionMask = 2147483647;
			files = (
				ECB03478287CEFD8006DC768 /* ReusableViewController.swift in Sources */,
				ECB03474287CEFD7006DC768 /* AppDelegate.swift in Sources */,
				ECB03476287CEFD8006DC768 /* SceneDelegate.swift in Sources */,
				EC39F3D8287D090C008A9154 /* QuoteView.swift in Sources */,
			);
			runOnlyForDeploymentPostprocessing = 0;
		};
		ECB03482287CEFDA006DC768 /* Sources */ = {
			isa = PBXSourcesBuildPhase;
			buildActionMask = 2147483647;
			files = (
				ECB034A5287CF03D006DC768 /* ReusableViewControllerTests.swift in Sources */,
			);
			runOnlyForDeploymentPostprocessing = 0;
		};
/* End PBXSourcesBuildPhase section */

/* Begin PBXTargetDependency section */
		ECB03488287CEFDA006DC768 /* PBXTargetDependency */ = {
			isa = PBXTargetDependency;
			target = ECB0346F287CEFD7006DC768 /* ReusingViewControllers */;
			targetProxy = ECB03487287CEFDA006DC768 /* PBXContainerItemProxy */;
		};
/* End PBXTargetDependency section */

/* Begin PBXVariantGroup section */
		ECB0347E287CEFD9006DC768 /* LaunchScreen.storyboard */ = {
			isa = PBXVariantGroup;
			children = (
				ECB0347F287CEFD9006DC768 /* Base */,
			);
			name = LaunchScreen.storyboard;
			sourceTree = "<group>";
		};
/* End PBXVariantGroup section */

/* Begin XCBuildConfiguration section */
		ECB03498287CEFDA006DC768 /* Debug */ = {
			isa = XCBuildConfiguration;
			buildSettings = {
				ALWAYS_SEARCH_USER_PATHS = NO;
				CLANG_ANALYZER_NONNULL = YES;
				CLANG_ANALYZER_NUMBER_OBJECT_CONVERSION = YES_AGGRESSIVE;
				CLANG_CXX_LANGUAGE_STANDARD = "gnu++17";
				CLANG_ENABLE_MODULES = YES;
				CLANG_ENABLE_OBJC_ARC = YES;
				CLANG_ENABLE_OBJC_WEAK = YES;
				CLANG_WARN_BLOCK_CAPTURE_AUTORELEASING = YES;
				CLANG_WARN_BOOL_CONVERSION = YES;
				CLANG_WARN_COMMA = YES;
				CLANG_WARN_CONSTANT_CONVERSION = YES;
				CLANG_WARN_DEPRECATED_OBJC_IMPLEMENTATIONS = YES;
				CLANG_WARN_DIRECT_OBJC_ISA_USAGE = YES_ERROR;
				CLANG_WARN_DOCUMENTATION_COMMENTS = YES;
				CLANG_WARN_EMPTY_BODY = YES;
				CLANG_WARN_ENUM_CONVERSION = YES;
				CLANG_WARN_INFINITE_RECURSION = YES;
				CLANG_WARN_INT_CONVERSION = YES;
				CLANG_WARN_NON_LITERAL_NULL_CONVERSION = YES;
				CLANG_WARN_OBJC_IMPLICIT_RETAIN_SELF = YES;
				CLANG_WARN_OBJC_LITERAL_CONVERSION = YES;
				CLANG_WARN_OBJC_ROOT_CLASS = YES_ERROR;
				CLANG_WARN_QUOTED_INCLUDE_IN_FRAMEWORK_HEADER = YES;
				CLANG_WARN_RANGE_LOOP_ANALYSIS = YES;
				CLANG_WARN_STRICT_PROTOTYPES = YES;
				CLANG_WARN_SUSPICIOUS_MOVE = YES;
				CLANG_WARN_UNGUARDED_AVAILABILITY = YES_AGGRESSIVE;
				CLANG_WARN_UNREACHABLE_CODE = YES;
				CLANG_WARN__DUPLICATE_METHOD_MATCH = YES;
				COPY_PHASE_STRIP = NO;
				DEBUG_INFORMATION_FORMAT = dwarf;
				ENABLE_STRICT_OBJC_MSGSEND = YES;
				ENABLE_TESTABILITY = YES;
				GCC_C_LANGUAGE_STANDARD = gnu11;
				GCC_DYNAMIC_NO_PIC = NO;
				GCC_NO_COMMON_BLOCKS = YES;
				GCC_OPTIMIZATION_LEVEL = 0;
				GCC_PREPROCESSOR_DEFINITIONS = (
					"DEBUG=1",
					"$(inherited)",
				);
				GCC_WARN_64_TO_32_BIT_CONVERSION = YES;
				GCC_WARN_ABOUT_RETURN_TYPE = YES_ERROR;
				GCC_WARN_UNDECLARED_SELECTOR = YES;
				GCC_WARN_UNINITIALIZED_AUTOS = YES_AGGRESSIVE;
				GCC_WARN_UNUSED_FUNCTION = YES;
				GCC_WARN_UNUSED_VARIABLE = YES;
				IPHONEOS_DEPLOYMENT_TARGET = 15.5;
				MTL_ENABLE_DEBUG_INFO = INCLUDE_SOURCE;
				MTL_FAST_MATH = YES;
				ONLY_ACTIVE_ARCH = YES;
				SDKROOT = iphoneos;
				SWIFT_ACTIVE_COMPILATION_CONDITIONS = DEBUG;
				SWIFT_OPTIMIZATION_LEVEL = "-Onone";
			};
			name = Debug;
		};
		ECB03499287CEFDA006DC768 /* Release */ = {
			isa = XCBuildConfiguration;
			buildSettings = {
				ALWAYS_SEARCH_USER_PATHS = NO;
				CLANG_ANALYZER_NONNULL = YES;
				CLANG_ANALYZER_NUMBER_OBJECT_CONVERSION = YES_AGGRESSIVE;
				CLANG_CXX_LANGUAGE_STANDARD = "gnu++17";
				CLANG_ENABLE_MODULES = YES;
				CLANG_ENABLE_OBJC_ARC = YES;
				CLANG_ENABLE_OBJC_WEAK = YES;
				CLANG_WARN_BLOCK_CAPTURE_AUTORELEASING = YES;
				CLANG_WARN_BOOL_CONVERSION = YES;
				CLANG_WARN_COMMA = YES;
				CLANG_WARN_CONSTANT_CONVERSION = YES;
				CLANG_WARN_DEPRECATED_OBJC_IMPLEMENTATIONS = YES;
				CLANG_WARN_DIRECT_OBJC_ISA_USAGE = YES_ERROR;
				CLANG_WARN_DOCUMENTATION_COMMENTS = YES;
				CLANG_WARN_EMPTY_BODY = YES;
				CLANG_WARN_ENUM_CONVERSION = YES;
				CLANG_WARN_INFINITE_RECURSION = YES;
				CLANG_WARN_INT_CONVERSION = YES;
				CLANG_WARN_NON_LITERAL_NULL_CONVERSION = YES;
				CLANG_WARN_OBJC_IMPLICIT_RETAIN_SELF = YES;
				CLANG_WARN_OBJC_LITERAL_CONVERSION = YES;
				CLANG_WARN_OBJC_ROOT_CLASS = YES_ERROR;
				CLANG_WARN_QUOTED_INCLUDE_IN_FRAMEWORK_HEADER = YES;
				CLANG_WARN_RANGE_LOOP_ANALYSIS = YES;
				CLANG_WARN_STRICT_PROTOTYPES = YES;
				CLANG_WARN_SUSPICIOUS_MOVE = YES;
				CLANG_WARN_UNGUARDED_AVAILABILITY = YES_AGGRESSIVE;
				CLANG_WARN_UNREACHABLE_CODE = YES;
				CLANG_WARN__DUPLICATE_METHOD_MATCH = YES;
				COPY_PHASE_STRIP = NO;
				DEBUG_INFORMATION_FORMAT = "dwarf-with-dsym";
				ENABLE_NS_ASSERTIONS = NO;
				ENABLE_STRICT_OBJC_MSGSEND = YES;
				GCC_C_LANGUAGE_STANDARD = gnu11;
				GCC_NO_COMMON_BLOCKS = YES;
				GCC_WARN_64_TO_32_BIT_CONVERSION = YES;
				GCC_WARN_ABOUT_RETURN_TYPE = YES_ERROR;
				GCC_WARN_UNDECLARED_SELECTOR = YES;
				GCC_WARN_UNINITIALIZED_AUTOS = YES_AGGRESSIVE;
				GCC_WARN_UNUSED_FUNCTION = YES;
				GCC_WARN_UNUSED_VARIABLE = YES;
				IPHONEOS_DEPLOYMENT_TARGET = 15.5;
				MTL_ENABLE_DEBUG_INFO = NO;
				MTL_FAST_MATH = YES;
				SDKROOT = iphoneos;
				SWIFT_COMPILATION_MODE = wholemodule;
				SWIFT_OPTIMIZATION_LEVEL = "-O";
				VALIDATE_PRODUCT = YES;
			};
			name = Release;
		};
		ECB0349B287CEFDA006DC768 /* Debug */ = {
			isa = XCBuildConfiguration;
			buildSettings = {
				ASSETCATALOG_COMPILER_APPICON_NAME = AppIcon;
				ASSETCATALOG_COMPILER_GLOBAL_ACCENT_COLOR_NAME = AccentColor;
				CODE_SIGN_STYLE = Automatic;
				CURRENT_PROJECT_VERSION = 1;
				DEVELOPMENT_TEAM = AR7T5G5Z83;
				GENERATE_INFOPLIST_FILE = YES;
				INFOPLIST_FILE = ReusingViewControllers/Info.plist;
				INFOPLIST_KEY_UIApplicationSupportsIndirectInputEvents = YES;
				INFOPLIST_KEY_UILaunchStoryboardName = LaunchScreen;
				INFOPLIST_KEY_UISupportedInterfaceOrientations_iPad = "UIInterfaceOrientationPortrait UIInterfaceOrientationPortraitUpsideDown UIInterfaceOrientationLandscapeLeft UIInterfaceOrientationLandscapeRight";
				INFOPLIST_KEY_UISupportedInterfaceOrientations_iPhone = "UIInterfaceOrientationPortrait UIInterfaceOrientationLandscapeLeft UIInterfaceOrientationLandscapeRight";
				IPHONEOS_DEPLOYMENT_TARGET = 15.0;
				LD_RUNPATH_SEARCH_PATHS = (
					"$(inherited)",
					"@executable_path/Frameworks",
				);
				MARKETING_VERSION = 1.0;
				PRODUCT_BUNDLE_IDENTIFIER = com.lucaswkuipers.ReusingViewControllers;
				PRODUCT_NAME = "$(TARGET_NAME)";
				SWIFT_EMIT_LOC_STRINGS = YES;
				SWIFT_VERSION = 5.0;
				TARGETED_DEVICE_FAMILY = "1,2";
			};
			name = Debug;
		};
		ECB0349C287CEFDA006DC768 /* Release */ = {
			isa = XCBuildConfiguration;
			buildSettings = {
				ASSETCATALOG_COMPILER_APPICON_NAME = AppIcon;
				ASSETCATALOG_COMPILER_GLOBAL_ACCENT_COLOR_NAME = AccentColor;
				CODE_SIGN_STYLE = Automatic;
				CURRENT_PROJECT_VERSION = 1;
				DEVELOPMENT_TEAM = AR7T5G5Z83;
				GENERATE_INFOPLIST_FILE = YES;
				INFOPLIST_FILE = ReusingViewControllers/Info.plist;
				INFOPLIST_KEY_UIApplicationSupportsIndirectInputEvents = YES;
				INFOPLIST_KEY_UILaunchStoryboardName = LaunchScreen;
				INFOPLIST_KEY_UISupportedInterfaceOrientations_iPad = "UIInterfaceOrientationPortrait UIInterfaceOrientationPortraitUpsideDown UIInterfaceOrientationLandscapeLeft UIInterfaceOrientationLandscapeRight";
				INFOPLIST_KEY_UISupportedInterfaceOrientations_iPhone = "UIInterfaceOrientationPortrait UIInterfaceOrientationLandscapeLeft UIInterfaceOrientationLandscapeRight";
				IPHONEOS_DEPLOYMENT_TARGET = 15.0;
				LD_RUNPATH_SEARCH_PATHS = (
					"$(inherited)",
					"@executable_path/Frameworks",
				);
				MARKETING_VERSION = 1.0;
				PRODUCT_BUNDLE_IDENTIFIER = com.lucaswkuipers.ReusingViewControllers;
				PRODUCT_NAME = "$(TARGET_NAME)";
				SWIFT_EMIT_LOC_STRINGS = YES;
				SWIFT_VERSION = 5.0;
				TARGETED_DEVICE_FAMILY = "1,2";
			};
			name = Release;
		};
		ECB0349E287CEFDA006DC768 /* Debug */ = {
			isa = XCBuildConfiguration;
			buildSettings = {
				ALWAYS_EMBED_SWIFT_STANDARD_LIBRARIES = YES;
				BUNDLE_LOADER = "$(TEST_HOST)";
				CLANG_ENABLE_MODULES = YES;
				CODE_SIGN_STYLE = Automatic;
				CURRENT_PROJECT_VERSION = 1;
				DEVELOPMENT_TEAM = AR7T5G5Z83;
				GENERATE_INFOPLIST_FILE = YES;
				IPHONEOS_DEPLOYMENT_TARGET = 15.5;
				LD_RUNPATH_SEARCH_PATHS = (
					"$(inherited)",
					"@executable_path/Frameworks",
					"@loader_path/Frameworks",
				);
				MARKETING_VERSION = 1.0;
				PRODUCT_BUNDLE_IDENTIFIER = com.lucaswkuipers.ReusingViewControllersTests;
				PRODUCT_NAME = "$(TARGET_NAME)";
				SWIFT_EMIT_LOC_STRINGS = NO;
				SWIFT_OPTIMIZATION_LEVEL = "-Onone";
				SWIFT_VERSION = 5.0;
				TARGETED_DEVICE_FAMILY = "1,2";
				TEST_HOST = "$(BUILT_PRODUCTS_DIR)/ReusingViewControllers.app/ReusingViewControllers";
			};
			name = Debug;
		};
		ECB0349F287CEFDA006DC768 /* Release */ = {
			isa = XCBuildConfiguration;
			buildSettings = {
				ALWAYS_EMBED_SWIFT_STANDARD_LIBRARIES = YES;
				BUNDLE_LOADER = "$(TEST_HOST)";
				CLANG_ENABLE_MODULES = YES;
				CODE_SIGN_STYLE = Automatic;
				CURRENT_PROJECT_VERSION = 1;
				DEVELOPMENT_TEAM = AR7T5G5Z83;
				GENERATE_INFOPLIST_FILE = YES;
				IPHONEOS_DEPLOYMENT_TARGET = 15.5;
				LD_RUNPATH_SEARCH_PATHS = (
					"$(inherited)",
					"@executable_path/Frameworks",
					"@loader_path/Frameworks",
				);
				MARKETING_VERSION = 1.0;
				PRODUCT_BUNDLE_IDENTIFIER = com.lucaswkuipers.ReusingViewControllersTests;
				PRODUCT_NAME = "$(TARGET_NAME)";
				SWIFT_EMIT_LOC_STRINGS = NO;
				SWIFT_VERSION = 5.0;
				TARGETED_DEVICE_FAMILY = "1,2";
				TEST_HOST = "$(BUILT_PRODUCTS_DIR)/ReusingViewControllers.app/ReusingViewControllers";
			};
			name = Release;
		};
/* End XCBuildConfiguration section */

/* Begin XCConfigurationList section */
		ECB0346B287CEFD7006DC768 /* Build configuration list for PBXProject "ReusingViewControllers" */ = {
			isa = XCConfigurationList;
			buildConfigurations = (
				ECB03498287CEFDA006DC768 /* Debug */,
				ECB03499287CEFDA006DC768 /* Release */,
			);
			defaultConfigurationIsVisible = 0;
			defaultConfigurationName = Release;
		};
		ECB0349A287CEFDA006DC768 /* Build configuration list for PBXNativeTarget "ReusingViewControllers" */ = {
			isa = XCConfigurationList;
			buildConfigurations = (
				ECB0349B287CEFDA006DC768 /* Debug */,
				ECB0349C287CEFDA006DC768 /* Release */,
			);
			defaultConfigurationIsVisible = 0;
			defaultConfigurationName = Release;
		};
		ECB0349D287CEFDA006DC768 /* Build configuration list for PBXNativeTarget "ReusingViewControllersTests" */ = {
			isa = XCConfigurationList;
			buildConfigurations = (
				ECB0349E287CEFDA006DC768 /* Debug */,
				ECB0349F287CEFDA006DC768 /* Release */,
			);
			defaultConfigurationIsVisible = 0;
			defaultConfigurationName = Release;
		};
/* End XCConfigurationList section */
	};
	rootObject = ECB03468287CEFD7006DC768 /* Project object */;
}
